
Microsoft Visual Studio Solution File, Format Version 12.00
# Visual Studio Version 16
VisualStudioVersion = 16.0.30517.126
MinimumVisualStudioVersion = 10.0.40219.1
Project("{FAE04EC0-301F-11D3-BF4B-00C04F79EFBC}") = "elogroup-api", "elogroup-api\elogroup-api.csproj", "{47F3673A-354C-4B4F-9547-D3A4AEB34A28}"
EndProject
Global
	GlobalSection(SolutionConfigurationPlatforms) = preSolution
		Debug|Any CPU = Debug|Any CPU
		Release|Any CPU = Release|Any CPU
	EndGlobalSection
	GlobalSection(ProjectConfigurationPlatforms) = postSolution
		{47F3673A-354C-4B4F-9547-D3A4AEB34A28}.Debug|Any CPU.ActiveCfg = Debug|Any CPU
		{47F3673A-354C-4B4F-9547-D3A4AEB34A28}.Debug|Any CPU.Build.0 = Debug|Any CPU
		{47F3673A-354C-4B4F-9547-D3A4AEB34A28}.Release|Any CPU.ActiveCfg = Release|Any CPU
		{47F3673A-354C-4B4F-9547-D3A4AEB34A28}.Release|Any CPU.Build.0 = Release|Any CPU
	EndGlobalSection
	GlobalSection(SolutionProperties) = preSolution
		HideSolutionNode = FALSE
	EndGlobalSection
	GlobalSection(ExtensibilityGlobals) = postSolution
		SolutionGuid = {6DBD5148-9ACE-4660-AED4-5B6B2EDF6F5D}
	EndGlobalSection
EndGlobal
